
Microsoft Visual Studio Solution File, Format Version 12.00
# Visual Studio Version 16
VisualStudioVersion = 16.0.30330.147
MinimumVisualStudioVersion = 10.0.40219.1
Project("{9A19103F-16F7-4668-BE54-9A1E7A4F7556}") = "Core", "Core\Core.csproj", "{4C52FF55-A678-4D2E-B0A6-8F7F04A2284E}"
EndProject
Project("{9A19103F-16F7-4668-BE54-9A1E7A4F7556}") = "Data", "Data\Data.csproj", "{75351820-31C0-4170-B4C2-C6D18CDA556C}"
EndProject
Project("{9A19103F-16F7-4668-BE54-9A1E7A4F7556}") = "Service", "Service\Service.csproj", "{BBFA7F0E-27AF-4FBD-9D4C-6ED27CA7463F}"
EndProject
Project("{9A19103F-16F7-4668-BE54-9A1E7A4F7556}") = "API", "API\API.csproj", "{79EC1FD0-4BD8-4D95-824D-C55278280F80}"
EndProject
Project("{FAE04EC0-301F-11D3-BF4B-00C04F79EFBC}") = "Web", "Web\Web.csproj", "{B09A10BA-E03A-4440-9F2C-F0B040460DFF}"
EndProject
Global
	GlobalSection(SolutionConfigurationPlatforms) = preSolution
		Debug|Any CPU = Debug|Any CPU
		Release|Any CPU = Release|Any CPU
	EndGlobalSection
	GlobalSection(ProjectConfigurationPlatforms) = postSolution
		{4C52FF55-A678-4D2E-B0A6-8F7F04A2284E}.Debug|Any CPU.ActiveCfg = Debug|Any CPU
		{4C52FF55-A678-4D2E-B0A6-8F7F04A2284E}.Debug|Any CPU.Build.0 = Debug|Any CPU
		{4C52FF55-A678-4D2E-B0A6-8F7F04A2284E}.Release|Any CPU.ActiveCfg = Release|Any CPU
		{4C52FF55-A678-4D2E-B0A6-8F7F04A2284E}.Release|Any CPU.Build.0 = Release|Any CPU
		{75351820-31C0-4170-B4C2-C6D18CDA556C}.Debug|Any CPU.ActiveCfg = Debug|Any CPU
		{75351820-31C0-4170-B4C2-C6D18CDA556C}.Debug|Any CPU.Build.0 = Debug|Any CPU
		{75351820-31C0-4170-B4C2-C6D18CDA556C}.Release|Any CPU.ActiveCfg = Release|Any CPU
		{75351820-31C0-4170-B4C2-C6D18CDA556C}.Release|Any CPU.Build.0 = Release|Any CPU
		{BBFA7F0E-27AF-4FBD-9D4C-6ED27CA7463F}.Debug|Any CPU.ActiveCfg = Debug|Any CPU
		{BBFA7F0E-27AF-4FBD-9D4C-6ED27CA7463F}.Debug|Any CPU.Build.0 = Debug|Any CPU
		{BBFA7F0E-27AF-4FBD-9D4C-6ED27CA7463F}.Release|Any CPU.ActiveCfg = Release|Any CPU
		{BBFA7F0E-27AF-4FBD-9D4C-6ED27CA7463F}.Release|Any CPU.Build.0 = Release|Any CPU
		{79EC1FD0-4BD8-4D95-824D-C55278280F80}.Debug|Any CPU.ActiveCfg = Debug|Any CPU
		{79EC1FD0-4BD8-4D95-824D-C55278280F80}.Debug|Any CPU.Build.0 = Debug|Any CPU
		{79EC1FD0-4BD8-4D95-824D-C55278280F80}.Release|Any CPU.ActiveCfg = Release|Any CPU
		{79EC1FD0-4BD8-4D95-824D-C55278280F80}.Release|Any CPU.Build.0 = Release|Any CPU
		{B09A10BA-E03A-4440-9F2C-F0B040460DFF}.Debug|Any CPU.ActiveCfg = Debug|Any CPU
		{B09A10BA-E03A-4440-9F2C-F0B040460DFF}.Debug|Any CPU.Build.0 = Debug|Any CPU
		{B09A10BA-E03A-4440-9F2C-F0B040460DFF}.Release|Any CPU.ActiveCfg = Release|Any CPU
		{B09A10BA-E03A-4440-9F2C-F0B040460DFF}.Release|Any CPU.Build.0 = Release|Any CPU
	EndGlobalSection
	GlobalSection(SolutionProperties) = preSolution
		HideSolutionNode = FALSE
	EndGlobalSection
	GlobalSection(ExtensibilityGlobals) = postSolution
		SolutionGuid = {727D209C-C79C-4BAF-B357-99FD92D2681E}
	EndGlobalSection
EndGlobal
